
Microsoft Visual Studio Solution File, Format Version 12.00
# Visual Studio Version 17
VisualStudioVersion = 17.0.31903.59
MinimumVisualStudioVersion = 10.0.40219.1
Project("{FAE04EC0-301F-11D3-BF4B-00C04F79EFBC}") = "SpaceDebrisAgent.AppHost", "SpaceDebrisAgent.AppHost\SpaceDebrisAgent.AppHost.csproj", "{E6F237AB-C45E-42BB-94EB-55FEB877711E}"
EndProject
Project("{FAE04EC0-301F-11D3-BF4B-00C04F79EFBC}") = "SpaceDebrisAgent.ApiService", "SpaceDebrisAgent.ApiService\SpaceDebrisAgent.ApiService.csproj", "{1A72D85F-B653-4B2D-A832-78B0764FA3AF}"
EndProject
Project("{FAE04EC0-301F-11D3-BF4B-00C04F79EFBC}") = "SpaceDebrisAgent.ServiceDefaults", "SpaceDebrisAgent.ServiceDefaults\SpaceDebrisAgent.ServiceDefaults.csproj", "{A83EE8F1-0E16-45B8-AB61-AC85C1951DFC}"
EndProject
Global
	GlobalSection(SolutionConfigurationPlatforms) = preSolution
		Debug|Any CPU = Debug|Any CPU
		Debug|x64 = Debug|x64
		Debug|x86 = Debug|x86
		Release|Any CPU = Release|Any CPU
		Release|x64 = Release|x64
		Release|x86 = Release|x86
	EndGlobalSection
	GlobalSection(ProjectConfigurationPlatforms) = postSolution
		{E6F237AB-C45E-42BB-94EB-55FEB877711E}.Debug|Any CPU.ActiveCfg = Debug|Any CPU
		{E6F237AB-C45E-42BB-94EB-55FEB877711E}.Debug|Any CPU.Build.0 = Debug|Any CPU
		{E6F237AB-C45E-42BB-94EB-55FEB877711E}.Debug|x64.ActiveCfg = Debug|Any CPU
		{E6F237AB-C45E-42BB-94EB-55FEB877711E}.Debug|x64.Build.0 = Debug|Any CPU
		{E6F237AB-C45E-42BB-94EB-55FEB877711E}.Debug|x86.ActiveCfg = Debug|Any CPU
		{E6F237AB-C45E-42BB-94EB-55FEB877711E}.Debug|x86.Build.0 = Debug|Any CPU
		{E6F237AB-C45E-42BB-94EB-55FEB877711E}.Release|Any CPU.ActiveCfg = Release|Any CPU
		{E6F237AB-C45E-42BB-94EB-55FEB877711E}.Release|Any CPU.Build.0 = Release|Any CPU
		{E6F237AB-C45E-42BB-94EB-55FEB877711E}.Release|x64.ActiveCfg = Release|Any CPU
		{E6F237AB-C45E-42BB-94EB-55FEB877711E}.Release|x64.Build.0 = Release|Any CPU
		{E6F237AB-C45E-42BB-94EB-55FEB877711E}.Release|x86.ActiveCfg = Release|Any CPU
		{E6F237AB-C45E-42BB-94EB-55FEB877711E}.Release|x86.Build.0 = Release|Any CPU
		{1A72D85F-B653-4B2D-A832-78B0764FA3AF}.Debug|Any CPU.ActiveCfg = Debug|Any CPU
		{1A72D85F-B653-4B2D-A832-78B0764FA3AF}.Debug|Any CPU.Build.0 = Debug|Any CPU
		{1A72D85F-B653-4B2D-A832-78B0764FA3AF}.Debug|x64.ActiveCfg = Debug|Any CPU
		{1A72D85F-B653-4B2D-A832-78B0764FA3AF}.Debug|x64.Build.0 = Debug|Any CPU
		{1A72D85F-B653-4B2D-A832-78B0764FA3AF}.Debug|x86.ActiveCfg = Debug|Any CPU
		{1A72D85F-B653-4B2D-A832-78B0764FA3AF}.Debug|x86.Build.0 = Debug|Any CPU
		{1A72D85F-B653-4B2D-A832-78B0764FA3AF}.Release|Any CPU.ActiveCfg = Release|Any CPU
		{1A72D85F-B653-4B2D-A832-78B0764FA3AF}.Release|Any CPU.Build.0 = Release|Any CPU
		{1A72D85F-B653-4B2D-A832-78B0764FA3AF}.Release|x64.ActiveCfg = Release|Any CPU
		{1A72D85F-B653-4B2D-A832-78B0764FA3AF}.Release|x64.Build.0 = Release|Any CPU
		{1A72D85F-B653-4B2D-A832-78B0764FA3AF}.Release|x86.ActiveCfg = Release|Any CPU
		{1A72D85F-B653-4B2D-A832-78B0764FA3AF}.Release|x86.Build.0 = Release|Any CPU
		{A83EE8F1-0E16-45B8-AB61-AC85C1951DFC}.Debug|Any CPU.ActiveCfg = Debug|Any CPU
		{A83EE8F1-0E16-45B8-AB61-AC85C1951DFC}.Debug|Any CPU.Build.0 = Debug|Any CPU
		{A83EE8F1-0E16-45B8-AB61-AC85C1951DFC}.Debug|x64.ActiveCfg = Debug|Any CPU
		{A83EE8F1-0E16-45B8-AB61-AC85C1951DFC}.Debug|x64.Build.0 = Debug|Any CPU
		{A83EE8F1-0E16-45B8-AB61-AC85C1951DFC}.Debug|x86.ActiveCfg = Debug|Any CPU
		{A83EE8F1-0E16-45B8-AB61-AC85C1951DFC}.Debug|x86.Build.0 = Debug|Any CPU
		{A83EE8F1-0E16-45B8-AB61-AC85C1951DFC}.Release|Any CPU.ActiveCfg = Release|Any CPU
		{A83EE8F1-0E16-45B8-AB61-AC85C1951DFC}.Release|Any CPU.Build.0 = Release|Any CPU
		{A83EE8F1-0E16-45B8-AB61-AC85C1951DFC}.Release|x64.ActiveCfg = Release|Any CPU
		{A83EE8F1-0E16-45B8-AB61-AC85C1951DFC}.Release|x64.Build.0 = Release|Any CPU
		{A83EE8F1-0E16-45B8-AB61-AC85C1951DFC}.Release|x86.ActiveCfg = Release|Any CPU
		{A83EE8F1-0E16-45B8-AB61-AC85C1951DFC}.Release|x86.Build.0 = Release|Any CPU
	EndGlobalSection
	GlobalSection(SolutionProperties) = preSolution
		HideSolutionNode = FALSE
	EndGlobalSection
EndGlobal
