
Microsoft Visual Studio Solution File, Format Version 12.00
# Visual Studio Version 17
VisualStudioVersion = 17.0.31903.59
MinimumVisualStudioVersion = 10.0.40219.1
Project("{FAE04EC0-301F-11D3-BF4B-00C04F79EFBC}") = "AnomalyAnalysis.AppHost", "AnomalyAnalysis.AppHost\AnomalyAnalysis.AppHost.csproj", "{2443607E-D26F-4510-9A33-1DBD669D3232}"
EndProject
Project("{FAE04EC0-301F-11D3-BF4B-00C04F79EFBC}") = "AnomalyAnalysis.ApiService", "AnomalyAnalysis.ApiService\AnomalyAnalysis.ApiService.csproj", "{D182DFD6-0D8C-48B1-91C7-5C142103EB01}"
EndProject
Project("{FAE04EC0-301F-11D3-BF4B-00C04F79EFBC}") = "AnomalyAnalysis.ServiceDefaults", "AnomalyAnalysis.ServiceDefaults\AnomalyAnalysis.ServiceDefaults.csproj", "{A9D3412B-55B0-4480-9C08-DFB4595D9282}"
EndProject
Global
	GlobalSection(SolutionConfigurationPlatforms) = preSolution
		Debug|Any CPU = Debug|Any CPU
		Debug|x64 = Debug|x64
		Debug|x86 = Debug|x86
		Release|Any CPU = Release|Any CPU
		Release|x64 = Release|x64
		Release|x86 = Release|x86
	EndGlobalSection
	GlobalSection(ProjectConfigurationPlatforms) = postSolution
		{2443607E-D26F-4510-9A33-1DBD669D3232}.Debug|Any CPU.ActiveCfg = Debug|Any CPU
		{2443607E-D26F-4510-9A33-1DBD669D3232}.Debug|Any CPU.Build.0 = Debug|Any CPU
		{2443607E-D26F-4510-9A33-1DBD669D3232}.Debug|x64.ActiveCfg = Debug|Any CPU
		{2443607E-D26F-4510-9A33-1DBD669D3232}.Debug|x64.Build.0 = Debug|Any CPU
		{2443607E-D26F-4510-9A33-1DBD669D3232}.Debug|x86.ActiveCfg = Debug|Any CPU
		{2443607E-D26F-4510-9A33-1DBD669D3232}.Debug|x86.Build.0 = Debug|Any CPU
		{2443607E-D26F-4510-9A33-1DBD669D3232}.Release|Any CPU.ActiveCfg = Release|Any CPU
		{2443607E-D26F-4510-9A33-1DBD669D3232}.Release|Any CPU.Build.0 = Release|Any CPU
		{2443607E-D26F-4510-9A33-1DBD669D3232}.Release|x64.ActiveCfg = Release|Any CPU
		{2443607E-D26F-4510-9A33-1DBD669D3232}.Release|x64.Build.0 = Release|Any CPU
		{2443607E-D26F-4510-9A33-1DBD669D3232}.Release|x86.ActiveCfg = Release|Any CPU
		{2443607E-D26F-4510-9A33-1DBD669D3232}.Release|x86.Build.0 = Release|Any CPU
		{D182DFD6-0D8C-48B1-91C7-5C142103EB01}.Debug|Any CPU.ActiveCfg = Debug|Any CPU
		{D182DFD6-0D8C-48B1-91C7-5C142103EB01}.Debug|Any CPU.Build.0 = Debug|Any CPU
		{D182DFD6-0D8C-48B1-91C7-5C142103EB01}.Debug|x64.ActiveCfg = Debug|Any CPU
		{D182DFD6-0D8C-48B1-91C7-5C142103EB01}.Debug|x64.Build.0 = Debug|Any CPU
		{D182DFD6-0D8C-48B1-91C7-5C142103EB01}.Debug|x86.ActiveCfg = Debug|Any CPU
		{D182DFD6-0D8C-48B1-91C7-5C142103EB01}.Debug|x86.Build.0 = Debug|Any CPU
		{D182DFD6-0D8C-48B1-91C7-5C142103EB01}.Release|Any CPU.ActiveCfg = Release|Any CPU
		{D182DFD6-0D8C-48B1-91C7-5C142103EB01}.Release|Any CPU.Build.0 = Release|Any CPU
		{D182DFD6-0D8C-48B1-91C7-5C142103EB01}.Release|x64.ActiveCfg = Release|Any CPU
		{D182DFD6-0D8C-48B1-91C7-5C142103EB01}.Release|x64.Build.0 = Release|Any CPU
		{D182DFD6-0D8C-48B1-91C7-5C142103EB01}.Release|x86.ActiveCfg = Release|Any CPU
		{D182DFD6-0D8C-48B1-91C7-5C142103EB01}.Release|x86.Build.0 = Release|Any CPU
		{A9D3412B-55B0-4480-9C08-DFB4595D9282}.Debug|Any CPU.ActiveCfg = Debug|Any CPU
		{A9D3412B-55B0-4480-9C08-DFB4595D9282}.Debug|Any CPU.Build.0 = Debug|Any CPU
		{A9D3412B-55B0-4480-9C08-DFB4595D9282}.Debug|x64.ActiveCfg = Debug|Any CPU
		{A9D3412B-55B0-4480-9C08-DFB4595D9282}.Debug|x64.Build.0 = Debug|Any CPU
		{A9D3412B-55B0-4480-9C08-DFB4595D9282}.Debug|x86.ActiveCfg = Debug|Any CPU
		{A9D3412B-55B0-4480-9C08-DFB4595D9282}.Debug|x86.Build.0 = Debug|Any CPU
		{A9D3412B-55B0-4480-9C08-DFB4595D9282}.Release|Any CPU.ActiveCfg = Release|Any CPU
		{A9D3412B-55B0-4480-9C08-DFB4595D9282}.Release|Any CPU.Build.0 = Release|Any CPU
		{A9D3412B-55B0-4480-9C08-DFB4595D9282}.Release|x64.ActiveCfg = Release|Any CPU
		{A9D3412B-55B0-4480-9C08-DFB4595D9282}.Release|x64.Build.0 = Release|Any CPU
		{A9D3412B-55B0-4480-9C08-DFB4595D9282}.Release|x86.ActiveCfg = Release|Any CPU
		{A9D3412B-55B0-4480-9C08-DFB4595D9282}.Release|x86.Build.0 = Release|Any CPU
	EndGlobalSection
	GlobalSection(SolutionProperties) = preSolution
		HideSolutionNode = FALSE
	EndGlobalSection
EndGlobal
